{
  "version": 4,
  "terraform_version": "1.15.4",
  "serial": 51,
  "lineage": "aa808cce-a9d1-6070-18c3-3ba500b31221",
  "outputs": {
    "azure_vm_public_ip": {
      "value": null,
      "type": "string"
    }
  },
  "resources": [
    {
      "mode": "managed",
      "type": "azurerm_virtual_network",
      "name": "vnet",
      "provider": "provider[\"registry.terraform.io/hashicorp/azurerm\"]",
      "instances": [
        {
          "schema_version": 0,
          "attributes": {
            "address_space": [
              "10.1.0.0/16"
            ],
            "bgp_community": "",
            "ddos_protection_plan": [],
            "dns_servers": [],
            "edge_zone": "",
            "encryption": [],
            "flow_timeout_in_minutes": 0,
            "guid": "0835ae4d-7893-45bf-8621-3318288aad48",
            "id": "/subscriptions/8c3c145e-97b6-410e-9ff2-7709de0e98c0/resourceGroups/capstone-rg/providers/Microsoft.Network/virtualNetworks/capstone-vnet",
            "location": "westus2",
            "name": "capstone-vnet",
            "resource_group_name": "capstone-rg",
            "subnet": [
              {
                "address_prefix": "10.1.1.0/24",
                "id": "/subscriptions/8c3c145e-97b6-410e-9ff2-7709de0e98c0/resourceGroups/capstone-rg/providers/Microsoft.Network/virtualNetworks/capstone-vnet/subnets/capstone-app-subnet",
                "name": "capstone-app-subnet",
                "security_group": ""
              }
            ],
            "tags": {},
            "timeouts": null
          },
          "sensitive_attributes": [],
          "identity_schema_version": 0,
          "private": "eyJlMmJmYjczMC1lY2FhLTExZTYtOGY4OC0zNDM2M2JjN2M0YzAiOnsiY3JlYXRlIjoxODAwMDAwMDAwMDAwLCJkZWxldGUiOjE4MDAwMDAwMDAwMDAsInJlYWQiOjMwMDAwMDAwMDAwMCwidXBkYXRlIjoxODAwMDAwMDAwMDAwfX0=",
          "dependencies": [
            "azurerm_resource_group.rg"
          ]
        }
      ]
    }
  ],
  "check_results": null
}
